{
  "version": 4,
  "terraform_version": "1.9.4",
  "serial": 44,
  "lineage": "e02a4cda-6f6c-ba9b-49d4-d4d7cb4fad59",
  "outputs": {
    "kubernetes_cluster_host": {
      "value": "34.89.23.128",
      "type": "string"
    },
    "kubernetes_cluster_name": {
      "value": "newwork1-gke",
      "type": "string"
    },
    "project_id": {
      "value": "newwork1",
      "type": "string"
    },
    "region": {
      "value": "europe-west2",
      "type": "string"
    },
    "sa_roles": {
      "value": [
        "roles/secretmanager.admin",
        "roles/iam.workloadIdentityUser",
        "roles/artifactregistry.reader"
      ],
      "type": [
        "list",
        "string"
      ]
    }
  },
  "resources": [
    {
      "mode": "managed",
      "type": "google_compute_network",
      "name": "vpc",
      "provider": "provider[\"registry.terraform.io/hashicorp/google\"]",
      "instances": [
        {
          "schema_version": 0,
          "attributes": {
            "auto_create_subnetworks": false,
            "delete_default_routes_on_create": false,
            "description": "",
            "enable_ula_internal_ipv6": false,
            "gateway_ipv4": "",
            "id": "projects/newwork1/global/networks/newwork1-vpc",
            "internal_ipv6_range": "",
            "mtu": 0,
            "name": "newwork1-vpc",
            "project": "newwork1",
            "routing_mode": "REGIONAL",
            "self_link": "https://www.googleapis.com/compute/v1/projects/newwork1/global/networks/newwork1-vpc",
            "timeouts": null
          },
          "sensitive_attributes": [],
          "private": "eyJlMmJmYjczMC1lY2FhLTExZTYtOGY4OC0zNDM2M2JjN2M0YzAiOnsiY3JlYXRlIjoxMjAwMDAwMDAwMDAwLCJkZWxldGUiOjEyMDAwMDAwMDAwMDAsInVwZGF0ZSI6MTIwMDAwMDAwMDAwMH19"
        }
      ]
    },
    {
      "mode": "managed",
      "type": "google_compute_subnetwork",
      "name": "subnet",
      "provider": "provider[\"registry.terraform.io/hashicorp/google\"]",
      "instances": [
        {
          "schema_version": 0,
          "attributes": {
            "creation_timestamp": "2024-08-14T12:38:41.644-07:00",
            "description": "",
            "external_ipv6_prefix": "",
            "fingerprint": null,
            "gateway_address": "10.10.0.1",
            "id": "projects/newwork1/regions/europe-west2/subnetworks/newwork1-subnet",
            "ip_cidr_range": "10.10.0.0/24",
            "ipv6_access_type": "",
            "ipv6_cidr_range": "",
            "log_config": [],
            "name": "newwork1-subnet",
            "network": "https://www.googleapis.com/compute/v1/projects/newwork1/global/networks/newwork1-vpc",
            "private_ip_google_access": true,
            "private_ipv6_google_access": "DISABLE_GOOGLE_ACCESS",
            "project": "newwork1",
            "purpose": "PRIVATE",
            "region": "europe-west2",
            "role": "",
            "secondary_ip_range": [],
            "self_link": "https://www.googleapis.com/compute/v1/projects/newwork1/regions/europe-west2/subnetworks/newwork1-subnet",
            "stack_type": "IPV4_ONLY",
            "timeouts": null
          },
          "sensitive_attributes": [],
          "private": "eyJlMmJmYjczMC1lY2FhLTExZTYtOGY4OC0zNDM2M2JjN2M0YzAiOnsiY3JlYXRlIjoxMjAwMDAwMDAwMDAwLCJkZWxldGUiOjEyMDAwMDAwMDAwMDAsInVwZGF0ZSI6MTIwMDAwMDAwMDAwMH19",
          "dependencies": [
            "google_compute_network.vpc"
          ]
        }
      ]
    },
    {
      "mode": "managed",
      "type": "google_container_cluster",
      "name": "cluster",
      "provider": "provider[\"registry.terraform.io/hashicorp/google\"]",
      "instances": [
        {
          "schema_version": 1,
          "attributes": {
            "addons_config": [
              {
                "cloudrun_config": [],
                "config_connector_config": [],
                "dns_cache_config": [],
                "gce_persistent_disk_csi_driver_config": [
                  {
                    "enabled": true
                  }
                ],
                "gcp_filestore_csi_driver_config": [],
                "gke_backup_agent_config": [],
                "horizontal_pod_autoscaling": [],
                "http_load_balancing": [],
                "network_policy_config": [
                  {
                    "disabled": true
                  }
                ]
              }
            ],
            "authenticator_groups_config": [],
            "binary_authorization": [
              {
                "enabled": false,
                "evaluation_mode": ""
              }
            ],
            "cluster_autoscaling": [
              {
                "auto_provisioning_defaults": [],
                "enabled": false,
                "resource_limits": []
              }
            ],
            "cluster_ipv4_cidr": "10.96.0.0/14",
            "confidential_nodes": [],
            "cost_management_config": [],
            "database_encryption": [
              {
                "key_name": "",
                "state": "DECRYPTED"
              }
            ],
            "datapath_provider": "",
            "default_max_pods_per_node": null,
            "default_snat_status": [
              {
                "disabled": false
              }
            ],
            "description": "",
            "dns_config": [],
            "enable_autopilot": false,
            "enable_binary_authorization": false,
            "enable_intranode_visibility": false,
            "enable_kubernetes_alpha": false,
            "enable_l4_ilb_subsetting": false,
            "enable_legacy_abac": false,
            "enable_shielded_nodes": true,
            "enable_tpu": false,
            "endpoint": "34.89.23.128",
            "gateway_api_config": [],
            "id": "projects/newwork1/locations/europe-west2-a/clusters/newwork1-gke",
            "initial_node_count": 1,
            "ip_allocation_policy": [],
            "label_fingerprint": "a9dc16a7",
            "location": "europe-west2-a",
            "logging_config": [
              {
                "enable_components": [
                  "SYSTEM_COMPONENTS",
                  "WORKLOADS"
                ]
              }
            ],
            "logging_service": "logging.googleapis.com/kubernetes",
            "maintenance_policy": [],
            "master_auth": [
              {
                "client_certificate": "",
                "client_certificate_config": [
                  {
                    "issue_client_certificate": false
                  }
                ],
                "client_key": "",
                "cluster_ca_certificate": "LS0tLS1CRUdJTiBDRVJUSUZJQ0FURS0tLS0tCk1JSUVMRENDQXBTZ0F3SUJBZ0lRQ0NZSUloaG8vQm9hUkRGMUhDejBOakFOQmdrcWhraUc5dzBCQVFzRkFEQXYKTVMwd0t3WURWUVFERXlSalpEWm1NamsyWXkxaVlXRTRMVFJpWVRVdE9UbGpPUzAwTWpOaE1Ea3hOVFJsWTJZdwpJQmNOTWpRd09ERTBNVGd6T1RBMFdoZ1BNakExTkRBNE1EY3hPVE01TURSYU1DOHhMVEFyQmdOVkJBTVRKR05rCk5tWXlPVFpqTFdKaFlUZ3ROR0poTlMwNU9XTTVMVFF5TTJFd09URTFOR1ZqWmpDQ0FhSXdEUVlKS29aSWh2Y04KQVFFQkJRQURnZ0dQQURDQ0FZb0NnZ0dCQU0zL3hVZGREM2pYdmNKUGhLZXFOVThaMy9HaVJJQno4dGl6MlV3MgpqMEhpc0ZnYnBDZlhURCthenRuZ3dYNGR2bFJpSnhrbytLRjc3bk44dnltcThYbzBiK3VrckF3VE9qZllhMkV2ClFrWVJvSnI2T2IwZENkTXlyQjBXUXN6T0ZVRmdBNUVtMUNwREwwNDVSUWRFeFBXbHhIVUdtK3JmTENhQkRMa3oKYzBPY3h0K0EyVi9sdHcxT1BsVXpZZWJvWVJORkVDekxMWkVNTytSWU05VEVTS091NWlKQWtDNlp3L0tIT29NcApKSnFxcHE2ejJVb0xNUjB1d1lXSURSTnMyMDV5eGJ3Z0pIMmNXOWhmTGRmUUxUek1yYVdzcnRobmZKWFpWSUNPCk54K1dSSzEyOWpGKytpVXRKTFF1NzBoem14N213S09VaXVVL0FMZEZRdEZXRUlyNDJaOUdqODBmOXg2OVZINTEKWUtTYzBMMWNhS0hIQlRpdkFQYnJXTCtmZVlRaEdoV0ttZGhRMWlxVlR2eXhyejlZV25XZTVpZC9VK25aVGlxZwpqL1o1STVaNlhmTnBhUzlQUGpqRVQ4Y0M2WDd2NWdpMUcrb282WlY4c0VVM0xNN0h6d1RxeDNJN0g5TjVPdWp3CkllblZzazl6OXozTFp5N2RYS3IrN3daWWFRSURBUUFCbzBJd1FEQU9CZ05WSFE4QkFmOEVCQU1DQWdRd0R3WUQKVlIwVEFRSC9CQVV3QXdFQi96QWRCZ05WSFE0RUZnUVVtTENUTlhFS2tRUGNRWFlseGJ4SnM1RHlLVkV3RFFZSgpLb1pJaHZjTkFRRUxCUUFEZ2dHQkFMYkpHcUgxM0ExTEluQitlekxuZHdZUHFpbGtuOEVGUnlqbzRwOEJKS1lhCjBWdTRLLzI3NzVISGZkbmpGa1lkaGM1RXNiZFdlbi8zWGd2Y2JsaHFhUzdVNG5JUFQrcGZqUVZhemo4K1RQNUIKZGxOTFNtRksvSXl5b1VBVkJIZmZNWXljTDhFNjB0OSt0bTRNMzMzYzVEdkxoVGpKTkZMSmthaHdHUnVrT05QWgpQQVYvelRSWWhEQWgzTGJIbXY1RGtxYW5hQnNXWTdZRDN1Y2FaQmJhWWx2UmpLZ3I4ZUMwRUtSUTZTWHRTdkZXCmVoSzh4Uy9GWGp2TWVvZTFhTitJTUNGb2ZuNXhnMGg5NEdGckJFOERWNVlUelZKcVNFMlNsODl5ZkNlQnJyUWoKSnkrNHpJS0RCOHhaSnJXaVcwTlZLYWlyV3BzOWxwa3N5ZnoyT0ozVFlwUUtDUnJydFIrVzZVb2VlcXVTUFR3VApLMDBJeGtiZU0wM1VBQ2QyVjFpQkdPWCthVFRaNzdJUHB0b0xWWEV1MGdJcTJ1aCtZUUZKWi9hYzR0UHdTWU43CnNERm5RT1U2aHhwYW9GM0xGNE9wV3E1MTlETHdBOFFBRmhJckdXcHlNSjJma3BZWnZUNGNqdWlaU2JzVjQvbHkKbk9jcWdaZzliMnhOa3NFMnNoMjlrQT09Ci0tLS0tRU5EIENFUlRJRklDQVRFLS0tLS0K"
              }
            ],
            "master_authorized_networks_config": [],
            "master_version": "1.29.6-gke.1326000",
            "mesh_certificates": [],
            "min_master_version": null,
            "monitoring_config": [
              {
                "enable_components": [
                  "SYSTEM_COMPONENTS",
                  "STATEFULSET",
                  "STORAGE",
                  "HPA",
                  "POD",
                  "DAEMONSET",
                  "DEPLOYMENT",
                  "CADVISOR",
                  "KUBELET"
                ],
                "managed_prometheus": [
                  {
                    "enabled": true
                  }
                ]
              }
            ],
            "monitoring_service": "monitoring.googleapis.com/kubernetes",
            "name": "newwork1-gke",
            "network": "projects/newwork1/global/networks/newwork1-vpc",
            "network_policy": [
              {
                "enabled": false,
                "provider": "PROVIDER_UNSPECIFIED"
              }
            ],
            "networking_mode": "ROUTES",
            "node_config": [
              {
                "boot_disk_kms_key": "",
                "disk_size_gb": 100,
                "disk_type": "pd-balanced",
                "gcfs_config": [],
                "guest_accelerator": [],
                "gvnic": [],
                "image_type": "COS_CONTAINERD",
                "kubelet_config": [],
                "labels": {},
                "linux_node_config": [],
                "local_ssd_count": 0,
                "logging_variant": "DEFAULT",
                "machine_type": "e2-medium",
                "metadata": {
                  "disable-legacy-endpoints": "true"
                },
                "min_cpu_platform": "",
                "node_group": "",
                "oauth_scopes": [
                  "https://www.googleapis.com/auth/devstorage.read_only",
                  "https://www.googleapis.com/auth/logging.write",
                  "https://www.googleapis.com/auth/monitoring",
                  "https://www.googleapis.com/auth/service.management.readonly",
                  "https://www.googleapis.com/auth/servicecontrol",
                  "https://www.googleapis.com/auth/trace.append"
                ],
                "preemptible": false,
                "reservation_affinity": [],
                "resource_labels": {},
                "service_account": "default",
                "shielded_instance_config": [
                  {
                    "enable_integrity_monitoring": true,
                    "enable_secure_boot": false
                  }
                ],
                "spot": false,
                "tags": [],
                "taint": [],
                "workload_metadata_config": [
                  {
                    "mode": "GKE_METADATA"
                  }
                ]
              }
            ],
            "node_locations": [],
            "node_pool": [
              {
                "autoscaling": [],
                "initial_node_count": 1,
                "instance_group_urls": [
                  "https://www.googleapis.com/compute/v1/projects/newwork1/zones/europe-west2-a/instanceGroupManagers/gke-newwork1-gke-default-pool-4304290f-grp"
                ],
                "managed_instance_group_urls": [
                  "https://www.googleapis.com/compute/v1/projects/newwork1/zones/europe-west2-a/instanceGroups/gke-newwork1-gke-default-pool-4304290f-grp"
                ],
                "management": [
                  {
                    "auto_repair": true,
                    "auto_upgrade": true
                  }
                ],
                "max_pods_per_node": 0,
                "name": "default-pool",
                "name_prefix": "",
                "network_config": [],
                "node_config": [
                  {
                    "boot_disk_kms_key": "",
                    "disk_size_gb": 100,
                    "disk_type": "pd-balanced",
                    "gcfs_config": [],
                    "guest_accelerator": [],
                    "gvnic": [],
                    "image_type": "COS_CONTAINERD",
                    "kubelet_config": [],
                    "labels": {},
                    "linux_node_config": [],
                    "local_ssd_count": 0,
                    "logging_variant": "DEFAULT",
                    "machine_type": "e2-medium",
                    "metadata": {
                      "disable-legacy-endpoints": "true"
                    },
                    "min_cpu_platform": "",
                    "node_group": "",
                    "oauth_scopes": [
                      "https://www.googleapis.com/auth/devstorage.read_only",
                      "https://www.googleapis.com/auth/logging.write",
                      "https://www.googleapis.com/auth/monitoring",
                      "https://www.googleapis.com/auth/service.management.readonly",
                      "https://www.googleapis.com/auth/servicecontrol",
                      "https://www.googleapis.com/auth/trace.append"
                    ],
                    "preemptible": false,
                    "reservation_affinity": [],
                    "resource_labels": {},
                    "service_account": "default",
                    "shielded_instance_config": [
                      {
                        "enable_integrity_monitoring": true,
                        "enable_secure_boot": false
                      }
                    ],
                    "spot": false,
                    "tags": [],
                    "taint": [],
                    "workload_metadata_config": [
                      {
                        "mode": "GKE_METADATA"
                      }
                    ]
                  }
                ],
                "node_count": 1,
                "node_locations": [
                  "europe-west2-a"
                ],
                "placement_policy": [],
                "upgrade_settings": [
                  {
                    "blue_green_settings": [],
                    "max_surge": 1,
                    "max_unavailable": 0,
                    "strategy": "SURGE"
                  }
                ],
                "version": "1.29.6-gke.1326000"
              }
            ],
            "node_pool_defaults": [
              {
                "node_config_defaults": [
                  {
                    "logging_variant": "DEFAULT"
                  }
                ]
              }
            ],
            "node_version": "1.29.6-gke.1326000",
            "notification_config": [
              {
                "pubsub": [
                  {
                    "enabled": false,
                    "filter": [],
                    "topic": ""
                  }
                ]
              }
            ],
            "operation": null,
            "private_cluster_config": [
              {
                "enable_private_endpoint": false,
                "enable_private_nodes": false,
                "master_global_access_config": [
                  {
                    "enabled": false
                  }
                ],
                "master_ipv4_cidr_block": "",
                "peering_name": "",
                "private_endpoint": "10.10.0.2",
                "private_endpoint_subnetwork": "",
                "public_endpoint": "34.89.23.128"
              }
            ],
            "private_ipv6_google_access": "",
            "project": "newwork1",
            "release_channel": [
              {
                "channel": "REGULAR"
              }
            ],
            "remove_default_node_pool": null,
            "resource_labels": {},
            "resource_usage_export_config": [],
            "self_link": "https://container.googleapis.com/v1/projects/newwork1/zones/europe-west2-a/clusters/newwork1-gke",
            "service_external_ips_config": [
              {
                "enabled": false
              }
            ],
            "services_ipv4_cidr": "10.99.240.0/20",
            "subnetwork": "projects/newwork1/regions/europe-west2/subnetworks/newwork1-subnet",
            "timeouts": null,
            "tpu_ipv4_cidr_block": "",
            "vertical_pod_autoscaling": [],
            "workload_identity_config": [
              {
                "workload_pool": "newwork1.svc.id.goog"
              }
            ]
          },
          "sensitive_attributes": [
            [
              {
                "type": "get_attr",
                "value": "master_auth"
              },
              {
                "type": "index",
                "value": {
                  "value": 0,
                  "type": "number"
                }
              },
              {
                "type": "get_attr",
                "value": "client_key"
              }
            ]
          ],
          "private": "eyJlMmJmYjczMC1lY2FhLTExZTYtOGY4OC0zNDM2M2JjN2M0YzAiOnsiY3JlYXRlIjoyNDAwMDAwMDAwMDAwLCJkZWxldGUiOjI0MDAwMDAwMDAwMDAsInJlYWQiOjI0MDAwMDAwMDAwMDAsInVwZGF0ZSI6MzYwMDAwMDAwMDAwMH0sInNjaGVtYV92ZXJzaW9uIjoiMSJ9",
          "dependencies": [
            "google_compute_network.vpc",
            "google_compute_subnetwork.subnet"
          ]
        }
      ]
    },
    {
      "mode": "managed",
      "type": "google_project_iam_member",
      "name": "sa-roles",
      "provider": "provider[\"registry.terraform.io/hashicorp/google\"]",
      "instances": [
        {
          "index_key": "roles/artifactregistry.reader",
          "schema_version": 0,
          "attributes": {
            "condition": [],
            "etag": "BwYftM+ZJJo=",
            "id": "newwork1/roles/artifactregistry.reader/serviceAccount:newwork1-sa@newwork1.iam.gserviceaccount.com",
            "member": "serviceAccount:newwork1-sa@newwork1.iam.gserviceaccount.com",
            "project": "newwork1",
            "role": "roles/artifactregistry.reader"
          },
          "sensitive_attributes": [],
          "private": "bnVsbA==",
          "dependencies": [
            "google_service_account.sa"
          ]
        },
        {
          "index_key": "roles/iam.workloadIdentityUser",
          "schema_version": 0,
          "attributes": {
            "condition": [],
            "etag": "BwYftM+ZJJo=",
            "id": "newwork1/roles/iam.workloadIdentityUser/serviceAccount:newwork1-sa@newwork1.iam.gserviceaccount.com",
            "member": "serviceAccount:newwork1-sa@newwork1.iam.gserviceaccount.com",
            "project": "newwork1",
            "role": "roles/iam.workloadIdentityUser"
          },
          "sensitive_attributes": [],
          "private": "bnVsbA==",
          "dependencies": [
            "google_service_account.sa"
          ]
        },
        {
          "index_key": "roles/secretmanager.admin",
          "schema_version": 0,
          "attributes": {
            "condition": [],
            "etag": "BwYftM+ZJJo=",
            "id": "newwork1/roles/secretmanager.admin/serviceAccount:newwork1-sa@newwork1.iam.gserviceaccount.com",
            "member": "serviceAccount:newwork1-sa@newwork1.iam.gserviceaccount.com",
            "project": "newwork1",
            "role": "roles/secretmanager.admin"
          },
          "sensitive_attributes": [],
          "private": "bnVsbA==",
          "dependencies": [
            "google_service_account.sa"
          ]
        }
      ]
    },
    {
      "mode": "managed",
      "type": "google_project_service",
      "name": "compute_api",
      "provider": "provider[\"registry.terraform.io/hashicorp/google\"]",
      "instances": [
        {
          "schema_version": 0,
          "attributes": {
            "disable_dependent_services": null,
            "disable_on_destroy": true,
            "id": "newwork1/compute.googleapis.com",
            "project": "newwork1",
            "service": "compute.googleapis.com",
            "timeouts": null
          },
          "sensitive_attributes": [],
          "private": "eyJlMmJmYjczMC1lY2FhLTExZTYtOGY4OC0zNDM2M2JjN2M0YzAiOnsiY3JlYXRlIjoxMjAwMDAwMDAwMDAwLCJkZWxldGUiOjEyMDAwMDAwMDAwMDAsInJlYWQiOjYwMDAwMDAwMDAwMCwidXBkYXRlIjoxMjAwMDAwMDAwMDAwfX0="
        }
      ]
    },
    {
      "mode": "managed",
      "type": "google_project_service",
      "name": "gke_api",
      "provider": "provider[\"registry.terraform.io/hashicorp/google\"]",
      "instances": [
        {
          "schema_version": 0,
          "attributes": {
            "disable_dependent_services": null,
            "disable_on_destroy": true,
            "id": "newwork1/container.googleapis.com",
            "project": "newwork1",
            "service": "container.googleapis.com",
            "timeouts": null
          },
          "sensitive_attributes": [],
          "private": "eyJlMmJmYjczMC1lY2FhLTExZTYtOGY4OC0zNDM2M2JjN2M0YzAiOnsiY3JlYXRlIjoxMjAwMDAwMDAwMDAwLCJkZWxldGUiOjEyMDAwMDAwMDAwMDAsInJlYWQiOjYwMDAwMDAwMDAwMCwidXBkYXRlIjoxMjAwMDAwMDAwMDAwfX0="
        }
      ]
    },
    {
      "mode": "managed",
      "type": "google_project_service",
      "name": "secret_manager_api",
      "provider": "provider[\"registry.terraform.io/hashicorp/google\"]",
      "instances": [
        {
          "schema_version": 0,
          "attributes": {
            "disable_dependent_services": null,
            "disable_on_destroy": true,
            "id": "newwork1/secretmanager.googleapis.com",
            "project": "newwork1",
            "service": "secretmanager.googleapis.com",
            "timeouts": null
          },
          "sensitive_attributes": [],
          "private": "eyJlMmJmYjczMC1lY2FhLTExZTYtOGY4OC0zNDM2M2JjN2M0YzAiOnsiY3JlYXRlIjoxMjAwMDAwMDAwMDAwLCJkZWxldGUiOjEyMDAwMDAwMDAwMDAsInJlYWQiOjYwMDAwMDAwMDAwMCwidXBkYXRlIjoxMjAwMDAwMDAwMDAwfX0="
        }
      ]
    },
    {
      "mode": "managed",
      "type": "google_secret_manager_secret",
      "name": "secret",
      "provider": "provider[\"registry.terraform.io/hashicorp/google\"]",
      "instances": [
        {
          "schema_version": 0,
          "attributes": {
            "create_time": "2024-08-14T19:34:56.165265Z",
            "expire_time": "",
            "id": "projects/newwork1/secrets/secret",
            "labels": {},
            "name": "projects/935405212730/secrets/secret",
            "project": "newwork1",
            "replication": [
              {
                "automatic": false,
                "user_managed": [
                  {
                    "replicas": [
                      {
                        "customer_managed_encryption": [],
                        "location": "europe-west2"
                      }
                    ]
                  }
                ]
              }
            ],
            "rotation": [],
            "secret_id": "secret",
            "timeouts": null,
            "topics": [],
            "ttl": null
          },
          "sensitive_attributes": [],
          "private": "eyJlMmJmYjczMC1lY2FhLTExZTYtOGY4OC0zNDM2M2JjN2M0YzAiOnsiY3JlYXRlIjoxMjAwMDAwMDAwMDAwLCJkZWxldGUiOjEyMDAwMDAwMDAwMDAsInVwZGF0ZSI6MTIwMDAwMDAwMDAwMH19"
        }
      ]
    },
    {
      "mode": "managed",
      "type": "google_secret_manager_secret_version",
      "name": "secret-version",
      "provider": "provider[\"registry.terraform.io/hashicorp/google\"]",
      "instances": [
        {
          "schema_version": 0,
          "attributes": {
            "create_time": "2024-08-14T19:34:57.232188Z",
            "destroy_time": "",
            "enabled": true,
            "id": "projects/935405212730/secrets/secret/versions/1",
            "name": "projects/935405212730/secrets/secret/versions/1",
            "secret": "projects/newwork1/secrets/secret",
            "secret_data": "hello, world!",
            "timeouts": null,
            "version": "1"
          },
          "sensitive_attributes": [
            [
              {
                "type": "get_attr",
                "value": "secret_data"
              }
            ]
          ],
          "private": "eyJlMmJmYjczMC1lY2FhLTExZTYtOGY4OC0zNDM2M2JjN2M0YzAiOnsiY3JlYXRlIjoxMjAwMDAwMDAwMDAwLCJkZWxldGUiOjEyMDAwMDAwMDAwMDB9fQ==",
          "dependencies": [
            "google_secret_manager_secret.secret"
          ]
        }
      ]
    },
    {
      "mode": "managed",
      "type": "google_service_account",
      "name": "sa",
      "provider": "provider[\"registry.terraform.io/hashicorp/google\"]",
      "instances": [
        {
          "schema_version": 0,
          "attributes": {
            "account_id": "newwork1-sa",
            "description": "",
            "disabled": false,
            "display_name": "Custom Service Account",
            "email": "newwork1-sa@newwork1.iam.gserviceaccount.com",
            "id": "projects/newwork1/serviceAccounts/newwork1-sa@newwork1.iam.gserviceaccount.com",
            "member": "serviceAccount:newwork1-sa@newwork1.iam.gserviceaccount.com",
            "name": "projects/newwork1/serviceAccounts/newwork1-sa@newwork1.iam.gserviceaccount.com",
            "project": "newwork1",
            "timeouts": null,
            "unique_id": "115976299627392415499"
          },
          "sensitive_attributes": [],
          "private": "eyJlMmJmYjczMC1lY2FhLTExZTYtOGY4OC0zNDM2M2JjN2M0YzAiOnsiY3JlYXRlIjozMDAwMDAwMDAwMDB9fQ=="
        }
      ]
    },
    {
      "mode": "managed",
      "type": "google_service_account_iam_binding",
      "name": "gsa-ksa-binding",
      "provider": "provider[\"registry.terraform.io/hashicorp/google\"]",
      "instances": [
        {
          "schema_version": 0,
          "attributes": {
            "condition": [],
            "etag": "BwYftWrA3BY=",
            "id": "projects/newwork1/serviceAccounts/newwork1-sa@newwork1.iam.gserviceaccount.com/roles/iam.workloadIdentityUser",
            "members": [
              "serviceAccount:newwork1.svc.id.goog[default/secret-access-sa]"
            ],
            "role": "roles/iam.workloadIdentityUser",
            "service_account_id": "projects/newwork1/serviceAccounts/newwork1-sa@newwork1.iam.gserviceaccount.com"
          },
          "sensitive_attributes": [],
          "private": "bnVsbA==",
          "dependencies": [
            "google_service_account.sa"
          ]
        }
      ]
    }
  ],
  "check_results": null
}
